
Microsoft Visual Studio Solution File, Format Version 12.00
# Visual Studio Version 17
VisualStudioVersion = 17.0.31903.59
MinimumVisualStudioVersion = 10.0.40219.1
Project("{FAE04EC0-301F-11D3-BF4B-00C04F79EFBC}") = "RateLimiter.Core", "RateLimiter.Core\RateLimiter.Core.csproj", "{BAA6F6BB-109A-44A7-87B8-D49A86844894}"
EndProject
Project("{FAE04EC0-301F-11D3-BF4B-00C04F79EFBC}") = "RateLimiter.Service", "RateLimiter.Service\RateLimiter.Service.csproj", "{D684FD6A-4075-4526-BA01-1CDED56FB8A5}"
EndProject
Project("{FAE04EC0-301F-11D3-BF4B-00C04F79EFBC}") = "MainApp", "MainApp\MainApp.csproj", "{89681A80-2D6C-48EF-8B15-5893D9520683}"
EndProject
Global
	GlobalSection(SolutionConfigurationPlatforms) = preSolution
		Debug|Any CPU = Debug|Any CPU
		Debug|x64 = Debug|x64
		Debug|x86 = Debug|x86
		Release|Any CPU = Release|Any CPU
		Release|x64 = Release|x64
		Release|x86 = Release|x86
	EndGlobalSection
	GlobalSection(ProjectConfigurationPlatforms) = postSolution
		{BAA6F6BB-109A-44A7-87B8-D49A86844894}.Debug|Any CPU.ActiveCfg = Debug|Any CPU
		{BAA6F6BB-109A-44A7-87B8-D49A86844894}.Debug|Any CPU.Build.0 = Debug|Any CPU
		{BAA6F6BB-109A-44A7-87B8-D49A86844894}.Debug|x64.ActiveCfg = Debug|Any CPU
		{BAA6F6BB-109A-44A7-87B8-D49A86844894}.Debug|x64.Build.0 = Debug|Any CPU
		{BAA6F6BB-109A-44A7-87B8-D49A86844894}.Debug|x86.ActiveCfg = Debug|Any CPU
		{BAA6F6BB-109A-44A7-87B8-D49A86844894}.Debug|x86.Build.0 = Debug|Any CPU
		{BAA6F6BB-109A-44A7-87B8-D49A86844894}.Release|Any CPU.ActiveCfg = Release|Any CPU
		{BAA6F6BB-109A-44A7-87B8-D49A86844894}.Release|Any CPU.Build.0 = Release|Any CPU
		{BAA6F6BB-109A-44A7-87B8-D49A86844894}.Release|x64.ActiveCfg = Release|Any CPU
		{BAA6F6BB-109A-44A7-87B8-D49A86844894}.Release|x64.Build.0 = Release|Any CPU
		{BAA6F6BB-109A-44A7-87B8-D49A86844894}.Release|x86.ActiveCfg = Release|Any CPU
		{BAA6F6BB-109A-44A7-87B8-D49A86844894}.Release|x86.Build.0 = Release|Any CPU
		{D684FD6A-4075-4526-BA01-1CDED56FB8A5}.Debug|Any CPU.ActiveCfg = Debug|Any CPU
		{D684FD6A-4075-4526-BA01-1CDED56FB8A5}.Debug|Any CPU.Build.0 = Debug|Any CPU
		{D684FD6A-4075-4526-BA01-1CDED56FB8A5}.Debug|x64.ActiveCfg = Debug|Any CPU
		{D684FD6A-4075-4526-BA01-1CDED56FB8A5}.Debug|x64.Build.0 = Debug|Any CPU
		{D684FD6A-4075-4526-BA01-1CDED56FB8A5}.Debug|x86.ActiveCfg = Debug|Any CPU
		{D684FD6A-4075-4526-BA01-1CDED56FB8A5}.Debug|x86.Build.0 = Debug|Any CPU
		{D684FD6A-4075-4526-BA01-1CDED56FB8A5}.Release|Any CPU.ActiveCfg = Release|Any CPU
		{D684FD6A-4075-4526-BA01-1CDED56FB8A5}.Release|Any CPU.Build.0 = Release|Any CPU
		{D684FD6A-4075-4526-BA01-1CDED56FB8A5}.Release|x64.ActiveCfg = Release|Any CPU
		{D684FD6A-4075-4526-BA01-1CDED56FB8A5}.Release|x64.Build.0 = Release|Any CPU
		{D684FD6A-4075-4526-BA01-1CDED56FB8A5}.Release|x86.ActiveCfg = Release|Any CPU
		{D684FD6A-4075-4526-BA01-1CDED56FB8A5}.Release|x86.Build.0 = Release|Any CPU
		{89681A80-2D6C-48EF-8B15-5893D9520683}.Debug|Any CPU.ActiveCfg = Debug|Any CPU
		{89681A80-2D6C-48EF-8B15-5893D9520683}.Debug|Any CPU.Build.0 = Debug|Any CPU
		{89681A80-2D6C-48EF-8B15-5893D9520683}.Debug|x64.ActiveCfg = Debug|Any CPU
		{89681A80-2D6C-48EF-8B15-5893D9520683}.Debug|x64.Build.0 = Debug|Any CPU
		{89681A80-2D6C-48EF-8B15-5893D9520683}.Debug|x86.ActiveCfg = Debug|Any CPU
		{89681A80-2D6C-48EF-8B15-5893D9520683}.Debug|x86.Build.0 = Debug|Any CPU
		{89681A80-2D6C-48EF-8B15-5893D9520683}.Release|Any CPU.ActiveCfg = Release|Any CPU
		{89681A80-2D6C-48EF-8B15-5893D9520683}.Release|Any CPU.Build.0 = Release|Any CPU
		{89681A80-2D6C-48EF-8B15-5893D9520683}.Release|x64.ActiveCfg = Release|Any CPU
		{89681A80-2D6C-48EF-8B15-5893D9520683}.Release|x64.Build.0 = Release|Any CPU
		{89681A80-2D6C-48EF-8B15-5893D9520683}.Release|x86.ActiveCfg = Release|Any CPU
		{89681A80-2D6C-48EF-8B15-5893D9520683}.Release|x86.Build.0 = Release|Any CPU
	EndGlobalSection
	GlobalSection(SolutionProperties) = preSolution
		HideSolutionNode = FALSE
	EndGlobalSection
EndGlobal
